
Microsoft Visual Studio Solution File, Format Version 12.00
# Visual Studio Version 17
VisualStudioVersion = 17.11.35327.3
MinimumVisualStudioVersion = 10.0.40219.1
Project("{FAE04EC0-301F-11D3-BF4B-00C04F79EFBC}") = "BPNN model test", "BPNN model test\BPNN model test.csproj", "{56C308DE-D8DA-4E3F-8F6D-8412919B09E7}"
EndProject
Global
	GlobalSection(SolutionConfigurationPlatforms) = preSolution
		Debug|Any CPU = Debug|Any CPU
		Release|Any CPU = Release|Any CPU
	EndGlobalSection
	GlobalSection(ProjectConfigurationPlatforms) = postSolution
		{56C308DE-D8DA-4E3F-8F6D-8412919B09E7}.Debug|Any CPU.ActiveCfg = Debug|Any CPU
		{56C308DE-D8DA-4E3F-8F6D-8412919B09E7}.Debug|Any CPU.Build.0 = Debug|Any CPU
		{56C308DE-D8DA-4E3F-8F6D-8412919B09E7}.Release|Any CPU.ActiveCfg = Release|Any CPU
		{56C308DE-D8DA-4E3F-8F6D-8412919B09E7}.Release|Any CPU.Build.0 = Release|Any CPU
	EndGlobalSection
	GlobalSection(SolutionProperties) = preSolution
		HideSolutionNode = FALSE
	EndGlobalSection
	GlobalSection(ExtensibilityGlobals) = postSolution
		SolutionGuid = {DFBA422A-C341-4A7B-A5E4-9C84F145192C}
	EndGlobalSection
EndGlobal
